// !$*UTF8*$!
{
	archiveVersion = 1;
	classes = {
	};
	objectVersion = 60;
	objects = {

/* Begin PBXBuildFile section */
		139DA1651A8817EE8FEBBD59 /* Pods_SportsShop.framework in Frameworks */ = {isa = PBXBuildFile; fileRef = AE0C96AB13478BF8FB1E81EE /* Pods_SportsShop.framework */; };
		18FA44482B54F44B00729724 /* AppDelegate.swift in Sources */ = {isa = PBXBuildFile; fileRef = 18FA44472B54F44B00729724 /* AppDelegate.swift */; };
		18FA444A2B54F44B00729724 /* SceneDelegate.swift in Sources */ = {isa = PBXBuildFile; fileRef = 18FA44492B54F44B00729724 /* SceneDelegate.swift */; };
		18FA444C2B54F44B00729724 /* ViewController.swift in Sources */ = {isa = PBXBuildFile; fileRef = 18FA444B2B54F44B00729724 /* ViewController.swift */; };
		18FA444F2B54F44B00729724 /* Main.storyboard in Resources */ = {isa = PBXBuildFile; fileRef = 18FA444D2B54F44B00729724 /* Main.storyboard */; };
		18FA44512B54F44D00729724 /* Assets.xcassets in Resources */ = {isa = PBXBuildFile; fileRef = 18FA44502B54F44D00729724 /* Assets.xcassets */; };
		18FA44542B54F44D00729724 /* LaunchScreen.storyboard in Resources */ = {isa = PBXBuildFile; fileRef = 18FA44522B54F44D00729724 /* LaunchScreen.storyboard */; };
		18FA44612B5502D300729724 /* RegViewController.swift in Sources */ = {isa = PBXBuildFile; fileRef = 18FA44602B5502D300729724 /* RegViewController.swift */; };
		18FA44642B5528FC00729724 /* HomeViewController.swift in Sources */ = {isa = PBXBuildFile; fileRef = 18FA44632B5528FC00729724 /* HomeViewController.swift */; };
		18FA44662B55368D00729724 /* slideImageCollectionViewCell.swift in Sources */ = {isa = PBXBuildFile; fileRef = 18FA44652B55368D00729724 /* slideImageCollectionViewCell.swift */; };
		18FA44692B5544FB00729724 /* itemsCollectionViewController.swift in Sources */ = {isa = PBXBuildFile; fileRef = 18FA44682B5544FB00729724 /* itemsCollectionViewController.swift */; };
		18FA446C2B55459900729724 /* ItemsCollectionViewCell.swift in Sources */ = {isa = PBXBuildFile; fileRef = 18FA446A2B55459900729724 /* ItemsCollectionViewCell.swift */; };
		18FA446D2B55459900729724 /* ItemsCollectionViewCell.xib in Resources */ = {isa = PBXBuildFile; fileRef = 18FA446B2B55459900729724 /* ItemsCollectionViewCell.xib */; };
		18FA44702B554D5600729724 /* ProfileViewController.swift in Sources */ = {isa = PBXBuildFile; fileRef = 18FA446F2B554D5600729724 /* ProfileViewController.swift */; };
		E93C038C2B625E5D006ABCF9 /* AdminHomeViewController.swift in Sources */ = {isa = PBXBuildFile; fileRef = E93C038B2B625E5D006ABCF9 /* AdminHomeViewController.swift */; };
		E93C038E2B62634B006ABCF9 /* AdminOpionCollectionViewCell.swift in Sources */ = {isa = PBXBuildFile; fileRef = E93C038D2B62634B006ABCF9 /* AdminOpionCollectionViewCell.swift */; };
		E93C03912B627F5B006ABCF9 /* AddItemViewController.swift in Sources */ = {isa = PBXBuildFile; fileRef = E93C03902B627F5B006ABCF9 /* AddItemViewController.swift */; };
		E95D3A452B678162001D90FF /* DeleteViewController.swift in Sources */ = {isa = PBXBuildFile; fileRef = E95D3A442B678162001D90FF /* DeleteViewController.swift */; };
		E95D3A472B67A5D5001D90FF /* UpdateItemViewController.swift in Sources */ = {isa = PBXBuildFile; fileRef = E95D3A462B67A5D5001D90FF /* UpdateItemViewController.swift */; };
		E977E0C92B6B7C73004D5BA5 /* ConfirmImageViewController.swift in Sources */ = {isa = PBXBuildFile; fileRef = E977E0C82B6B7C73004D5BA5 /* ConfirmImageViewController.swift */; };
		E977E0CB2B6B80B7004D5BA5 /* bookingConfirm.gif in Resources */ = {isa = PBXBuildFile; fileRef = E977E0CA2B6B80B7004D5BA5 /* bookingConfirm.gif */; };
		E977E0CE2B6B9055004D5BA5 /* AdminBookingListViewController.swift in Sources */ = {isa = PBXBuildFile; fileRef = E977E0CD2B6B9055004D5BA5 /* AdminBookingListViewController.swift */; };
		E977E0D12B6B9399004D5BA5 /* detailsBookingTableViewCell.swift in Sources */ = {isa = PBXBuildFile; fileRef = E977E0CF2B6B9399004D5BA5 /* detailsBookingTableViewCell.swift */; };
		E977E0D22B6B9399004D5BA5 /* detailsBookingTableViewCell.xib in Resources */ = {isa = PBXBuildFile; fileRef = E977E0D02B6B9399004D5BA5 /* detailsBookingTableViewCell.xib */; };
		E9AD000D2B6A0400002ACFA5 /* BookingViewController.swift in Sources */ = {isa = PBXBuildFile; fileRef = E9AD000C2B6A0400002ACFA5 /* BookingViewController.swift */; };
		E9AD004A2B6A4B06002ACFA5 /* ItemImageTableViewCell.swift in Sources */ = {isa = PBXBuildFile; fileRef = E9AD00482B6A4B06002ACFA5 /* ItemImageTableViewCell.swift */; };
		E9AD004B2B6A4B06002ACFA5 /* ItemImageTableViewCell.xib in Resources */ = {isa = PBXBuildFile; fileRef = E9AD00492B6A4B06002ACFA5 /* ItemImageTableViewCell.xib */; };
		E9AD004E2B6A4C58002ACFA5 /* ItemDetailsTableViewCell.swift in Sources */ = {isa = PBXBuildFile; fileRef = E9AD004C2B6A4C57002ACFA5 /* ItemDetailsTableViewCell.swift */; };
		E9AD004F2B6A4C58002ACFA5 /* ItemDetailsTableViewCell.xib in Resources */ = {isa = PBXBuildFile; fileRef = E9AD004D2B6A4C58002ACFA5 /* ItemDetailsTableViewCell.xib */; };
		E9AD00522B6A4F5B002ACFA5 /* BookingTableViewCell.swift in Sources */ = {isa = PBXBuildFile; fileRef = E9AD00502B6A4F5B002ACFA5 /* BookingTableViewCell.swift */; };
		E9AD00532B6A4F5B002ACFA5 /* BookingTableViewCell.xib in Resources */ = {isa = PBXBuildFile; fileRef = E9AD00512B6A4F5B002ACFA5 /* BookingTableViewCell.xib */; };
		E9ED26002B621EE000C16251 /* Main.storyboard in Resources */ = {isa = PBXBuildFile; fileRef = E9ED25FE2B621EE000C16251 /* Main.storyboard */; };
		E9ED26032B62219C00C16251 /* LaunchScreen.storyboard in Resources */ = {isa = PBXBuildFile; fileRef = E9ED26012B62219C00C16251 /* LaunchScreen.storyboard */; };
		E9ED26062B6230F600C16251 /* ProfileListTableViewCell.swift in Sources */ = {isa = PBXBuildFile; fileRef = E9ED26042B6230F600C16251 /* ProfileListTableViewCell.swift */; };
		E9ED26072B6230F600C16251 /* ProfileListTableViewCell.xib in Resources */ = {isa = PBXBuildFile; fileRef = E9ED26052B6230F600C16251 /* ProfileListTableViewCell.xib */; };
		E9ED26092B62386300C16251 /* usersClassObjects.swift in Sources */ = {isa = PBXBuildFile; fileRef = E9ED26082B62386300C16251 /* usersClassObjects.swift */; };
/* End PBXBuildFile section */

/* Begin PBXFileReference section */
		1017FB97F8631407DF2F12B6 /* Pods-SportsShop.debug.xcconfig */ = {isa = PBXFileReference; includeInIndex = 1; lastKnownFileType = text.xcconfig; name = "Pods-SportsShop.debug.xcconfig"; path = "Target Support Files/Pods-SportsShop/Pods-SportsShop.debug.xcconfig"; sourceTree = "<group>"; };
		11B69700217BD971D4507BF9 /* Pods-SportsShop.release.xcconfig */ = {isa = PBXFileReference; includeInIndex = 1; lastKnownFileType = text.xcconfig; name = "Pods-SportsShop.release.xcconfig"; path = "Target Support Files/Pods-SportsShop/Pods-SportsShop.release.xcconfig"; sourceTree = "<group>"; };
		18FA44442B54F44B00729724 /* SportsShop.app */ = {isa = PBXFileReference; explicitFileType = wrapper.application; includeInIndex = 0; path = SportsShop.app; sourceTree = BUILT_PRODUCTS_DIR; };
		18FA44472B54F44B00729724 /* AppDelegate.swift */ = {isa = PBXFileReference; lastKnownFileType = sourcecode.swift; path = AppDelegate.swift; sourceTree = "<group>"; };
		18FA44492B54F44B00729724 /* SceneDelegate.swift */ = {isa = PBXFileReference; lastKnownFileType = sourcecode.swift; path = SceneDelegate.swift; sourceTree = "<group>"; };
		18FA444B2B54F44B00729724 /* ViewController.swift */ = {isa = PBXFileReference; lastKnownFileType = sourcecode.swift; path = ViewController.swift; sourceTree = "<group>"; };
		18FA444E2B54F44B00729724 /* Base */ = {isa = PBXFileReference; lastKnownFileType = file.storyboard; name = Base; path = Base.lproj/Main.storyboard; sourceTree = "<group>"; };
		18FA44502B54F44D00729724 /* Assets.xcassets */ = {isa = PBXFileReference; lastKnownFileType = folder.assetcatalog; path = Assets.xcassets; sourceTree = "<group>"; };
		18FA44532B54F44D00729724 /* Base */ = {isa = PBXFileReference; lastKnownFileType = file.storyboard; name = Base; path = Base.lproj/LaunchScreen.storyboard; sourceTree = "<group>"; };
		18FA44552B54F44D00729724 /* Info.plist */ = {isa = PBXFileReference; lastKnownFileType = text.plist.xml; path = Info.plist; sourceTree = "<group>"; };
		18FA44602B5502D300729724 /* RegViewController.swift */ = {isa = PBXFileReference; lastKnownFileType = sourcecode.swift; path = RegViewController.swift; sourceTree = "<group>"; };
		18FA44632B5528FC00729724 /* HomeViewController.swift */ = {isa = PBXFileReference; lastKnownFileType = sourcecode.swift; path = HomeViewController.swift; sourceTree = "<group>"; };
		18FA44652B55368D00729724 /* slideImageCollectionViewCell.swift */ = {isa = PBXFileReference; lastKnownFileType = sourcecode.swift; path = slideImageCollectionViewCell.swift; sourceTree = "<group>"; };
		18FA44682B5544FB00729724 /* itemsCollectionViewController.swift */ = {isa = PBXFileReference; lastKnownFileType = sourcecode.swift; path = itemsCollectionViewController.swift; sourceTree = "<group>"; };
		18FA446A2B55459900729724 /* ItemsCollectionViewCell.swift */ = {isa = PBXFileReference; lastKnownFileType = sourcecode.swift; path = ItemsCollectionViewCell.swift; sourceTree = "<group>"; };
		18FA446B2B55459900729724 /* ItemsCollectionViewCell.xib */ = {isa = PBXFileReference; lastKnownFileType = file.xib; path = ItemsCollectionViewCell.xib; sourceTree = "<group>"; };
		18FA446F2B554D5600729724 /* ProfileViewController.swift */ = {isa = PBXFileReference; lastKnownFileType = sourcecode.swift; path = ProfileViewController.swift; sourceTree = "<group>"; };
		AE0C96AB13478BF8FB1E81EE /* Pods_SportsShop.framework */ = {isa = PBXFileReference; explicitFileType = wrapper.framework; includeInIndex = 0; path = Pods_SportsShop.framework; sourceTree = BUILT_PRODUCTS_DIR; };
		E93C038B2B625E5D006ABCF9 /* AdminHomeViewController.swift */ = {isa = PBXFileReference; lastKnownFileType = sourcecode.swift; path = AdminHomeViewController.swift; sourceTree = "<group>"; };
		E93C038D2B62634B006ABCF9 /* AdminOpionCollectionViewCell.swift */ = {isa = PBXFileReference; lastKnownFileType = sourcecode.swift; path = AdminOpionCollectionViewCell.swift; sourceTree = "<group>"; };
		E93C03902B627F5B006ABCF9 /* AddItemViewController.swift */ = {isa = PBXFileReference; lastKnownFileType = sourcecode.swift; path = AddItemViewController.swift; sourceTree = "<group>"; };
		E95D3A442B678162001D90FF /* DeleteViewController.swift */ = {isa = PBXFileReference; lastKnownFileType = sourcecode.swift; path = DeleteViewController.swift; sourceTree = "<group>"; };
		E95D3A462B67A5D5001D90FF /* UpdateItemViewController.swift */ = {isa = PBXFileReference; lastKnownFileType = sourcecode.swift; path = UpdateItemViewController.swift; sourceTree = "<group>"; };
		E977E0C82B6B7C73004D5BA5 /* ConfirmImageViewController.swift */ = {isa = PBXFileReference; lastKnownFileType = sourcecode.swift; path = ConfirmImageViewController.swift; sourceTree = "<group>"; };
		E977E0CA2B6B80B7004D5BA5 /* bookingConfirm.gif */ = {isa = PBXFileReference; lastKnownFileType = image.gif; path = bookingConfirm.gif; sourceTree = "<group>"; };
		E977E0CD2B6B9055004D5BA5 /* AdminBookingListViewController.swift */ = {isa = PBXFileReference; lastKnownFileType = sourcecode.swift; path = AdminBookingListViewController.swift; sourceTree = "<group>"; };
		E977E0CF2B6B9399004D5BA5 /* detailsBookingTableViewCell.swift */ = {isa = PBXFileReference; lastKnownFileType = sourcecode.swift; path = detailsBookingTableViewCell.swift; sourceTree = "<group>"; };
		E977E0D02B6B9399004D5BA5 /* detailsBookingTableViewCell.xib */ = {isa = PBXFileReference; lastKnownFileType = file.xib; path = detailsBookingTableViewCell.xib; sourceTree = "<group>"; };
		E9AD000C2B6A0400002ACFA5 /* BookingViewController.swift */ = {isa = PBXFileReference; lastKnownFileType = sourcecode.swift; path = BookingViewController.swift; sourceTree = "<group>"; };
		E9AD00482B6A4B06002ACFA5 /* ItemImageTableViewCell.swift */ = {isa = PBXFileReference; lastKnownFileType = sourcecode.swift; path = ItemImageTableViewCell.swift; sourceTree = "<group>"; };
		E9AD00492B6A4B06002ACFA5 /* ItemImageTableViewCell.xib */ = {isa = PBXFileReference; lastKnownFileType = file.xib; path = ItemImageTableViewCell.xib; sourceTree = "<group>"; };
		E9AD004C2B6A4C57002ACFA5 /* ItemDetailsTableViewCell.swift */ = {isa = PBXFileReference; lastKnownFileType = sourcecode.swift; path = ItemDetailsTableViewCell.swift; sourceTree = "<group>"; };
		E9AD004D2B6A4C58002ACFA5 /* ItemDetailsTableViewCell.xib */ = {isa = PBXFileReference; lastKnownFileType = file.xib; path = ItemDetailsTableViewCell.xib; sourceTree = "<group>"; };
		E9AD00502B6A4F5B002ACFA5 /* BookingTableViewCell.swift */ = {isa = PBXFileReference; lastKnownFileType = sourcecode.swift; path = BookingTableViewCell.swift; sourceTree = "<group>"; };
		E9AD00512B6A4F5B002ACFA5 /* BookingTableViewCell.xib */ = {isa = PBXFileReference; lastKnownFileType = file.xib; path = BookingTableViewCell.xib; sourceTree = "<group>"; };
		E9ED25FF2B621EE000C16251 /* Base */ = {isa = PBXFileReference; lastKnownFileType = file.storyboard; name = Base; path = Base.lproj/Main.storyboard; sourceTree = "<group>"; };
		E9ED26022B62219C00C16251 /* Base */ = {isa = PBXFileReference; lastKnownFileType = file.storyboard; name = Base; path = Base.lproj/LaunchScreen.storyboard; sourceTree = "<group>"; };
		E9ED26042B6230F600C16251 /* ProfileListTableViewCell.swift */ = {isa = PBXFileReference; lastKnownFileType = sourcecode.swift; path = ProfileListTableViewCell.swift; sourceTree = "<group>"; };
		E9ED26052B6230F600C16251 /* ProfileListTableViewCell.xib */ = {isa = PBXFileReference; lastKnownFileType = file.xib; path = ProfileListTableViewCell.xib; sourceTree = "<group>"; };
		E9ED26082B62386300C16251 /* usersClassObjects.swift */ = {isa = PBXFileReference; lastKnownFileType = sourcecode.swift; path = usersClassObjects.swift; sourceTree = "<group>"; };
/* End PBXFileReference section */

/* Begin PBXFrameworksBuildPhase section */
		18FA44412B54F44B00729724 /* Frameworks */ = {
			isa = PBXFrameworksBuildPhase;
			buildActionMask = 2147483647;
			files = (
				139DA1651A8817EE8FEBBD59 /* Pods_SportsShop.framework in Frameworks */,
			);
			runOnlyForDeploymentPostprocessing = 0;
		};
/* End PBXFrameworksBuildPhase section */

/* Begin PBXGroup section */
		18FA443B2B54F44B00729724 = {
			isa = PBXGroup;
			children = (
				18FA44462B54F44B00729724 /* SportsShop */,
				18FA44452B54F44B00729724 /* Products */,
				800D700F0DA98958C571479B /* Pods */,
				B9E1A74EAF14EA80AB5DD1F5 /* Frameworks */,
			);
			sourceTree = "<group>";
		};
		18FA44452B54F44B00729724 /* Products */ = {
			isa = PBXGroup;
			children = (
				18FA44442B54F44B00729724 /* SportsShop.app */,
			);
			name = Products;
			sourceTree = "<group>";
		};
		18FA44462B54F44B00729724 /* SportsShop */ = {
			isa = PBXGroup;
			children = (
				E977E0CA2B6B80B7004D5BA5 /* bookingConfirm.gif */,
				E93C038A2B625E21006ABCF9 /* AdminPanel */,
				E9ED26012B62219C00C16251 /* LaunchScreen.storyboard */,
				E9ED25FE2B621EE000C16251 /* Main.storyboard */,
				18FA446E2B554D0600729724 /* profilePage */,
				18FA44672B5544BD00729724 /* itemsListCollection */,
				18FA44622B5527E500729724 /* homePage */,
				18FA44472B54F44B00729724 /* AppDelegate.swift */,
				18FA44492B54F44B00729724 /* SceneDelegate.swift */,
				18FA444B2B54F44B00729724 /* ViewController.swift */,
				18FA44602B5502D300729724 /* RegViewController.swift */,
				18FA444D2B54F44B00729724 /* Main.storyboard */,
				18FA44502B54F44D00729724 /* Assets.xcassets */,
				18FA44522B54F44D00729724 /* LaunchScreen.storyboard */,
				18FA44552B54F44D00729724 /* Info.plist */,
			);
			path = SportsShop;
			sourceTree = "<group>";
		};
		18FA44622B5527E500729724 /* homePage */ = {
			isa = PBXGroup;
			children = (
				18FA44632B5528FC00729724 /* HomeViewController.swift */,
				18FA44652B55368D00729724 /* slideImageCollectionViewCell.swift */,
			);
			path = homePage;
			sourceTree = "<group>";
		};
		18FA44672B5544BD00729724 /* itemsListCollection */ = {
			isa = PBXGroup;
			children = (
				E9AD000B2B6A03D5002ACFA5 /* Booking */,
				18FA44682B5544FB00729724 /* itemsCollectionViewController.swift */,
				18FA446A2B55459900729724 /* ItemsCollectionViewCell.swift */,
				18FA446B2B55459900729724 /* ItemsCollectionViewCell.xib */,
				E9ED26082B62386300C16251 /* usersClassObjects.swift */,
			);
			path = itemsListCollection;
			sourceTree = "<group>";
		};
		18FA446E2B554D0600729724 /* profilePage */ = {
			isa = PBXGroup;
			children = (
				18FA446F2B554D5600729724 /* ProfileViewController.swift */,
				E9ED26042B6230F600C16251 /* ProfileListTableViewCell.swift */,
				E9ED26052B6230F600C16251 /* ProfileListTableViewCell.xib */,
			);
			path = profilePage;
			sourceTree = "<group>";
		};
		800D700F0DA98958C571479B /* Pods */ = {
			isa = PBXGroup;
			children = (
				1017FB97F8631407DF2F12B6 /* Pods-SportsShop.debug.xcconfig */,
				11B69700217BD971D4507BF9 /* Pods-SportsShop.release.xcconfig */,
			);
			path = Pods;
			sourceTree = "<group>";
		};
		B9E1A74EAF14EA80AB5DD1F5 /* Frameworks */ = {
			isa = PBXGroup;
			children = (
				AE0C96AB13478BF8FB1E81EE /* Pods_SportsShop.framework */,
			);
			name = Frameworks;
			sourceTree = "<group>";
		};
		E93C038A2B625E21006ABCF9 /* AdminPanel */ = {
			isa = PBXGroup;
			children = (
				E977E0CC2B6B902F004D5BA5 /* adminBookingList */,
				E93C038F2B627EEE006ABCF9 /* addDeleteUpdate */,
				E93C038B2B625E5D006ABCF9 /* AdminHomeViewController.swift */,
				E93C038D2B62634B006ABCF9 /* AdminOpionCollectionViewCell.swift */,
			);
			path = AdminPanel;
			sourceTree = "<group>";
		};
		E93C038F2B627EEE006ABCF9 /* addDeleteUpdate */ = {
			isa = PBXGroup;
			children = (
				E93C03902B627F5B006ABCF9 /* AddItemViewController.swift */,
				E95D3A442B678162001D90FF /* DeleteViewController.swift */,
				E95D3A462B67A5D5001D90FF /* UpdateItemViewController.swift */,
			);
			path = addDeleteUpdate;
			sourceTree = "<group>";
		};
		E977E0CC2B6B902F004D5BA5 /* adminBookingList */ = {
			isa = PBXGroup;
			children = (
				E977E0CD2B6B9055004D5BA5 /* AdminBookingListViewController.swift */,
				E977E0CF2B6B9399004D5BA5 /* detailsBookingTableViewCell.swift */,
				E977E0D02B6B9399004D5BA5 /* detailsBookingTableViewCell.xib */,
			);
			path = adminBookingList;
			sourceTree = "<group>";
		};
		E9AD000B2B6A03D5002ACFA5 /* Booking */ = {
			isa = PBXGroup;
			children = (
				E9AD000C2B6A0400002ACFA5 /* BookingViewController.swift */,
				E9AD00482B6A4B06002ACFA5 /* ItemImageTableViewCell.swift */,
				E9AD00492B6A4B06002ACFA5 /* ItemImageTableViewCell.xib */,
				E9AD004C2B6A4C57002ACFA5 /* ItemDetailsTableViewCell.swift */,
				E9AD004D2B6A4C58002ACFA5 /* ItemDetailsTableViewCell.xib */,
				E9AD00502B6A4F5B002ACFA5 /* BookingTableViewCell.swift */,
				E9AD00512B6A4F5B002ACFA5 /* BookingTableViewCell.xib */,
				E977E0C82B6B7C73004D5BA5 /* ConfirmImageViewController.swift */,
			);
			path = Booking;
			sourceTree = "<group>";
		};
/* End PBXGroup section */

/* Begin PBXNativeTarget section */
		18FA44432B54F44B00729724 /* SportsShop */ = {
			isa = PBXNativeTarget;
			buildConfigurationList = 18FA44582B54F44D00729724 /* Build configuration list for PBXNativeTarget "SportsShop" */;
			buildPhases = (
				D17094CA4EBC891AE8358F92 /* [CP] Check Pods Manifest.lock */,
				18FA44402B54F44B00729724 /* Sources */,
				18FA44412B54F44B00729724 /* Frameworks */,
				18FA44422B54F44B00729724 /* Resources */,
				BEF84DD4414BD77AD5A1199E /* [CP] Embed Pods Frameworks */,
			);
			buildRules = (
			);
			dependencies = (
			);
			name = SportsShop;
			productName = SportsShop;
			productReference = 18FA44442B54F44B00729724 /* SportsShop.app */;
			productType = "com.apple.product-type.application";
		};
/* End PBXNativeTarget section */

/* Begin PBXProject section */
		18FA443C2B54F44B00729724 /* Project object */ = {
			isa = PBXProject;
			attributes = {
				BuildIndependentTargetsInParallel = 1;
				LastSwiftUpdateCheck = 1420;
				LastUpgradeCheck = 1520;
				TargetAttributes = {
					18FA44432B54F44B00729724 = {
						CreatedOnToolsVersion = 14.2;
					};
				};
			};
			buildConfigurationList = 18FA443F2B54F44B00729724 /* Build configuration list for PBXProject "SportsShop" */;
			compatibilityVersion = "Xcode 15.0";
			developmentRegion = en;
			hasScannedForEncodings = 0;
			knownRegions = (
				en,
				Base,
			);
			mainGroup = 18FA443B2B54F44B00729724;
			productRefGroup = 18FA44452B54F44B00729724 /* Products */;
			projectDirPath = "";
			projectRoot = "";
			targets = (
				18FA44432B54F44B00729724 /* SportsShop */,
			);
		};
/* End PBXProject section */

/* Begin PBXResourcesBuildPhase section */
		18FA44422B54F44B00729724 /* Resources */ = {
			isa = PBXResourcesBuildPhase;
			buildActionMask = 2147483647;
			files = (
				E9AD004B2B6A4B06002ACFA5 /* ItemImageTableViewCell.xib in Resources */,
				E9ED26032B62219C00C16251 /* LaunchScreen.storyboard in Resources */,
				E977E0D22B6B9399004D5BA5 /* detailsBookingTableViewCell.xib in Resources */,
				E9ED26072B6230F600C16251 /* ProfileListTableViewCell.xib in Resources */,
				18FA44542B54F44D00729724 /* LaunchScreen.storyboard in Resources */,
				E9ED26002B621EE000C16251 /* Main.storyboard in Resources */,
				18FA446D2B55459900729724 /* ItemsCollectionViewCell.xib in Resources */,
				E977E0CB2B6B80B7004D5BA5 /* bookingConfirm.gif in Resources */,
				18FA44512B54F44D00729724 /* Assets.xcassets in Resources */,
				E9AD00532B6A4F5B002ACFA5 /* BookingTableViewCell.xib in Resources */,
				18FA444F2B54F44B00729724 /* Main.storyboard in Resources */,
				E9AD004F2B6A4C58002ACFA5 /* ItemDetailsTableViewCell.xib in Resources */,
			);
			runOnlyForDeploymentPostprocessing = 0;
		};
/* End PBXResourcesBuildPhase section */

/* Begin PBXShellScriptBuildPhase section */
		BEF84DD4414BD77AD5A1199E /* [CP] Embed Pods Frameworks */ = {
			isa = PBXShellScriptBuildPhase;
			buildActionMask = 2147483647;
			files = (
			);
			inputFileListPaths = (
				"${PODS_ROOT}/Target Support Files/Pods-SportsShop/Pods-SportsShop-frameworks-${CONFIGURATION}-input-files.xcfilelist",
			);
			name = "[CP] Embed Pods Frameworks";
			outputFileListPaths = (
				"${PODS_ROOT}/Target Support Files/Pods-SportsShop/Pods-SportsShop-frameworks-${CONFIGURATION}-output-files.xcfilelist",
			);
			runOnlyForDeploymentPostprocessing = 0;
			shellPath = /bin/sh;
			shellScript = "\"${PODS_ROOT}/Target Support Files/Pods-SportsShop/Pods-SportsShop-frameworks.sh\"\n";
			showEnvVarsInLog = 0;
		};
		D17094CA4EBC891AE8358F92 /* [CP] Check Pods Manifest.lock */ = {
			isa = PBXShellScriptBuildPhase;
			buildActionMask = 2147483647;
			files = (
			);
			inputFileListPaths = (
			);
			inputPaths = (
				"${PODS_PODFILE_DIR_PATH}/Podfile.lock",
				"${PODS_ROOT}/Manifest.lock",
			);
			name = "[CP] Check Pods Manifest.lock";
			outputFileListPaths = (
			);
			outputPaths = (
				"$(DERIVED_FILE_DIR)/Pods-SportsShop-checkManifestLockResult.txt",
			);
			runOnlyForDeploymentPostprocessing = 0;
			shellPath = /bin/sh;
			shellScript = "diff \"${PODS_PODFILE_DIR_PATH}/Podfile.lock\" \"${PODS_ROOT}/Manifest.lock\" > /dev/null\nif [ $? != 0 ] ; then\n    # print error to STDERR\n    echo \"error: The sandbox is not in sync with the Podfile.lock. Run 'pod install' or update your CocoaPods installation.\" >&2\n    exit 1\nfi\n# This output is used by Xcode 'outputs' to avoid re-running this script phase.\necho \"SUCCESS\" > \"${SCRIPT_OUTPUT_FILE_0}\"\n";
			showEnvVarsInLog = 0;
		};
/* End PBXShellScriptBuildPhase section */

/* Begin PBXSourcesBuildPhase section */
		18FA44402B54F44B00729724 /* Sources */ = {
			isa = PBXSourcesBuildPhase;
			buildActionMask = 2147483647;
			files = (
				E977E0CE2B6B9055004D5BA5 /* AdminBookingListViewController.swift in Sources */,
				18FA44642B5528FC00729724 /* HomeViewController.swift in Sources */,
				E9ED26092B62386300C16251 /* usersClassObjects.swift in Sources */,
				E9AD004E2B6A4C58002ACFA5 /* ItemDetailsTableViewCell.swift in Sources */,
				18FA446C2B55459900729724 /* ItemsCollectionViewCell.swift in Sources */,
				18FA444C2B54F44B00729724 /* ViewController.swift in Sources */,
				E977E0D12B6B9399004D5BA5 /* detailsBookingTableViewCell.swift in Sources */,
				E9AD00522B6A4F5B002ACFA5 /* BookingTableViewCell.swift in Sources */,
				E9AD004A2B6A4B06002ACFA5 /* ItemImageTableViewCell.swift in Sources */,
				E95D3A452B678162001D90FF /* DeleteViewController.swift in Sources */,
				E9ED26062B6230F600C16251 /* ProfileListTableViewCell.swift in Sources */,
				18FA44482B54F44B00729724 /* AppDelegate.swift in Sources */,
				E977E0C92B6B7C73004D5BA5 /* ConfirmImageViewController.swift in Sources */,
				18FA44612B5502D300729724 /* RegViewController.swift in Sources */,
				18FA44662B55368D00729724 /* slideImageCollectionViewCell.swift in Sources */,
				18FA44702B554D5600729724 /* ProfileViewController.swift in Sources */,
				E95D3A472B67A5D5001D90FF /* UpdateItemViewController.swift in Sources */,
				E9AD000D2B6A0400002ACFA5 /* BookingViewController.swift in Sources */,
				E93C038E2B62634B006ABCF9 /* AdminOpionCollectionViewCell.swift in Sources */,
				E93C038C2B625E5D006ABCF9 /* AdminHomeViewController.swift in Sources */,
				E93C03912B627F5B006ABCF9 /* AddItemViewController.swift in Sources */,
				18FA444A2B54F44B00729724 /* SceneDelegate.swift in Sources */,
				18FA44692B5544FB00729724 /* itemsCollectionViewController.swift in Sources */,
			);
			runOnlyForDeploymentPostprocessing = 0;
		};
/* End PBXSourcesBuildPhase section */

/* Begin PBXVariantGroup section */
		18FA444D2B54F44B00729724 /* Main.storyboard */ = {
			isa = PBXVariantGroup;
			children = (
				18FA444E2B54F44B00729724 /* Base */,
			);
			name = Main.storyboard;
			sourceTree = "<group>";
			usesTabs = 0;
		};
		18FA44522B54F44D00729724 /* LaunchScreen.storyboard */ = {
			isa = PBXVariantGroup;
			children = (
				18FA44532B54F44D00729724 /* Base */,
			);
			name = LaunchScreen.storyboard;
			sourceTree = "<group>";
		};
		E9ED25FE2B621EE000C16251 /* Main.storyboard */ = {
			isa = PBXVariantGroup;
			children = (
				E9ED25FF2B621EE000C16251 /* Base */,
			);
			name = Main.storyboard;
			sourceTree = "<group>";
		};
		E9ED26012B62219C00C16251 /* LaunchScreen.storyboard */ = {
			isa = PBXVariantGroup;
			children = (
				E9ED26022B62219C00C16251 /* Base */,
			);
			name = LaunchScreen.storyboard;
			sourceTree = "<group>";
		};
/* End PBXVariantGroup section */

/* Begin XCBuildConfiguration section */
		18FA44562B54F44D00729724 /* Debug */ = {
			isa = XCBuildConfiguration;
			buildSettings = {
				ALWAYS_SEARCH_USER_PATHS = NO;
				CLANG_ANALYZER_NONNULL = YES;
				CLANG_ANALYZER_NUMBER_OBJECT_CONVERSION = YES_AGGRESSIVE;
				CLANG_CXX_LANGUAGE_STANDARD = "gnu++20";
				CLANG_ENABLE_MODULES = YES;
				CLANG_ENABLE_OBJC_ARC = YES;
				CLANG_ENABLE_OBJC_WEAK = YES;
				CLANG_WARN_BLOCK_CAPTURE_AUTORELEASING = YES;
				CLANG_WARN_BOOL_CONVERSION = YES;
				CLANG_WARN_COMMA = YES;
				CLANG_WARN_CONSTANT_CONVERSION = YES;
				CLANG_WARN_DEPRECATED_OBJC_IMPLEMENTATIONS = YES;
				CLANG_WARN_DIRECT_OBJC_ISA_USAGE = YES_ERROR;
				CLANG_WARN_DOCUMENTATION_COMMENTS = YES;
				CLANG_WARN_EMPTY_BODY = YES;
				CLANG_WARN_ENUM_CONVERSION = YES;
				CLANG_WARN_INFINITE_RECURSION = YES;
				CLANG_WARN_INT_CONVERSION = YES;
				CLANG_WARN_NON_LITERAL_NULL_CONVERSION = YES;
				CLANG_WARN_OBJC_IMPLICIT_RETAIN_SELF = YES;
				CLANG_WARN_OBJC_LITERAL_CONVERSION = YES;
				CLANG_WARN_OBJC_ROOT_CLASS = YES_ERROR;
				CLANG_WARN_QUOTED_INCLUDE_IN_FRAMEWORK_HEADER = YES;
				CLANG_WARN_RANGE_LOOP_ANALYSIS = YES;
				CLANG_WARN_STRICT_PROTOTYPES = YES;
				CLANG_WARN_SUSPICIOUS_MOVE = YES;
				CLANG_WARN_UNGUARDED_AVAILABILITY = YES_AGGRESSIVE;
				CLANG_WARN_UNREACHABLE_CODE = YES;
				CLANG_WARN__DUPLICATE_METHOD_MATCH = YES;
				COPY_PHASE_STRIP = NO;
				DEBUG_INFORMATION_FORMAT = dwarf;
				ENABLE_STRICT_OBJC_MSGSEND = YES;
				ENABLE_TESTABILITY = YES;
				ENABLE_USER_SCRIPT_SANDBOXING = YES;
				GCC_C_LANGUAGE_STANDARD = gnu11;
				GCC_DYNAMIC_NO_PIC = NO;
				GCC_NO_COMMON_BLOCKS = YES;
				GCC_OPTIMIZATION_LEVEL = 0;
				GCC_PREPROCESSOR_DEFINITIONS = (
					"DEBUG=1",
					"$(inherited)",
				);
				GCC_WARN_64_TO_32_BIT_CONVERSION = YES;
				GCC_WARN_ABOUT_RETURN_TYPE = YES_ERROR;
				GCC_WARN_UNDECLARED_SELECTOR = YES;
				GCC_WARN_UNINITIALIZED_AUTOS = YES_AGGRESSIVE;
				GCC_WARN_UNUSED_FUNCTION = YES;
				GCC_WARN_UNUSED_VARIABLE = YES;
				IPHONEOS_DEPLOYMENT_TARGET = 15.0;
				MTL_ENABLE_DEBUG_INFO = INCLUDE_SOURCE;
				MTL_FAST_MATH = YES;
				ONLY_ACTIVE_ARCH = YES;
				SDKROOT = iphoneos;
				SWIFT_ACTIVE_COMPILATION_CONDITIONS = DEBUG;
				SWIFT_OPTIMIZATION_LEVEL = "-Onone";
			};
			name = Debug;
		};
		18FA44572B54F44D00729724 /* Release */ = {
			isa = XCBuildConfiguration;
			buildSettings = {
				ALWAYS_SEARCH_USER_PATHS = NO;
				CLANG_ANALYZER_NONNULL = YES;
				CLANG_ANALYZER_NUMBER_OBJECT_CONVERSION = YES_AGGRESSIVE;
				CLANG_CXX_LANGUAGE_STANDARD = "gnu++20";
				CLANG_ENABLE_MODULES = YES;
				CLANG_ENABLE_OBJC_ARC = YES;
				CLANG_ENABLE_OBJC_WEAK = YES;
				CLANG_WARN_BLOCK_CAPTURE_AUTORELEASING = YES;
				CLANG_WARN_BOOL_CONVERSION = YES;
				CLANG_WARN_COMMA = YES;
				CLANG_WARN_CONSTANT_CONVERSION = YES;
				CLANG_WARN_DEPRECATED_OBJC_IMPLEMENTATIONS = YES;
				CLANG_WARN_DIRECT_OBJC_ISA_USAGE = YES_ERROR;
				CLANG_WARN_DOCUMENTATION_COMMENTS = YES;
				CLANG_WARN_EMPTY_BODY = YES;
				CLANG_WARN_ENUM_CONVERSION = YES;
				CLANG_WARN_INFINITE_RECURSION = YES;
				CLANG_WARN_INT_CONVERSION = YES;
				CLANG_WARN_NON_LITERAL_NULL_CONVERSION = YES;
				CLANG_WARN_OBJC_IMPLICIT_RETAIN_SELF = YES;
				CLANG_WARN_OBJC_LITERAL_CONVERSION = YES;
				CLANG_WARN_OBJC_ROOT_CLASS = YES_ERROR;
				CLANG_WARN_QUOTED_INCLUDE_IN_FRAMEWORK_HEADER = YES;
				CLANG_WARN_RANGE_LOOP_ANALYSIS = YES;
				CLANG_WARN_STRICT_PROTOTYPES = YES;
				CLANG_WARN_SUSPICIOUS_MOVE = YES;
				CLANG_WARN_UNGUARDED_AVAILABILITY = YES_AGGRESSIVE;
				CLANG_WARN_UNREACHABLE_CODE = YES;
				CLANG_WARN__DUPLICATE_METHOD_MATCH = YES;
				COPY_PHASE_STRIP = NO;
				DEBUG_INFORMATION_FORMAT = "dwarf-with-dsym";
				ENABLE_NS_ASSERTIONS = NO;
				ENABLE_STRICT_OBJC_MSGSEND = YES;
				ENABLE_USER_SCRIPT_SANDBOXING = YES;
				GCC_C_LANGUAGE_STANDARD = gnu11;
				GCC_NO_COMMON_BLOCKS = YES;
				GCC_WARN_64_TO_32_BIT_CONVERSION = YES;
				GCC_WARN_ABOUT_RETURN_TYPE = YES_ERROR;
				GCC_WARN_UNDECLARED_SELECTOR = YES;
				GCC_WARN_UNINITIALIZED_AUTOS = YES_AGGRESSIVE;
				GCC_WARN_UNUSED_FUNCTION = YES;
				GCC_WARN_UNUSED_VARIABLE = YES;
				IPHONEOS_DEPLOYMENT_TARGET = 15.0;
				MTL_ENABLE_DEBUG_INFO = NO;
				MTL_FAST_MATH = YES;
				SDKROOT = iphoneos;
				SWIFT_COMPILATION_MODE = wholemodule;
				SWIFT_OPTIMIZATION_LEVEL = "-O";
				VALIDATE_PRODUCT = YES;
			};
			name = Release;
		};
		18FA44592B54F44D00729724 /* Debug */ = {
			isa = XCBuildConfiguration;
			baseConfigurationReference = 1017FB97F8631407DF2F12B6 /* Pods-SportsShop.debug.xcconfig */;
			buildSettings = {
				ASSETCATALOG_COMPILER_APPICON_NAME = AppIcon;
				ASSETCATALOG_COMPILER_GLOBAL_ACCENT_COLOR_NAME = AccentColor;
				CODE_SIGN_STYLE = Automatic;
				CURRENT_PROJECT_VERSION = 1;
				ENABLE_USER_SCRIPT_SANDBOXING = NO;
				GENERATE_INFOPLIST_FILE = YES;
				INFOPLIST_FILE = SportsShop/Info.plist;
				INFOPLIST_KEY_UIApplicationSupportsIndirectInputEvents = YES;
				INFOPLIST_KEY_UILaunchStoryboardName = LaunchScreen;
				INFOPLIST_KEY_UIMainStoryboardFile = Main;
				INFOPLIST_KEY_UISupportedInterfaceOrientations = "UIInterfaceOrientationLandscapeLeft UIInterfaceOrientationLandscapeRight UIInterfaceOrientationPortrait";
				INFOPLIST_KEY_UISupportedInterfaceOrientations_iPad = "UIInterfaceOrientationLandscapeLeft UIInterfaceOrientationLandscapeRight UIInterfaceOrientationPortrait UIInterfaceOrientationPortraitUpsideDown";
				IPHONEOS_DEPLOYMENT_TARGET = 15.0;
				LD_RUNPATH_SEARCH_PATHS = (
					"$(inherited)",
					"@executable_path/Frameworks",
				);
				MARKETING_VERSION = 1.0;
				PRODUCT_BUNDLE_IDENTIFIER = com.SportsShop.SportsShop;
				PRODUCT_NAME = "$(TARGET_NAME)";
				SWIFT_EMIT_LOC_STRINGS = YES;
				SWIFT_VERSION = 5.0;
				TARGETED_DEVICE_FAMILY = "1,2";
			};
			name = Debug;
		};
		18FA445A2B54F44D00729724 /* Release */ = {
			isa = XCBuildConfiguration;
			baseConfigurationReference = 11B69700217BD971D4507BF9 /* Pods-SportsShop.release.xcconfig */;
			buildSettings = {
				ASSETCATALOG_COMPILER_APPICON_NAME = AppIcon;
				ASSETCATALOG_COMPILER_GLOBAL_ACCENT_COLOR_NAME = AccentColor;
				CODE_SIGN_STYLE = Automatic;
				CURRENT_PROJECT_VERSION = 1;
				ENABLE_USER_SCRIPT_SANDBOXING = NO;
				GENERATE_INFOPLIST_FILE = YES;
				INFOPLIST_FILE = SportsShop/Info.plist;
				INFOPLIST_KEY_UIApplicationSupportsIndirectInputEvents = YES;
				INFOPLIST_KEY_UILaunchStoryboardName = LaunchScreen;
				INFOPLIST_KEY_UIMainStoryboardFile = Main;
				INFOPLIST_KEY_UISupportedInterfaceOrientations = "UIInterfaceOrientationLandscapeLeft UIInterfaceOrientationLandscapeRight UIInterfaceOrientationPortrait";
				INFOPLIST_KEY_UISupportedInterfaceOrientations_iPad = "UIInterfaceOrientationLandscapeLeft UIInterfaceOrientationLandscapeRight UIInterfaceOrientationPortrait UIInterfaceOrientationPortraitUpsideDown";
				IPHONEOS_DEPLOYMENT_TARGET = 15.0;
				LD_RUNPATH_SEARCH_PATHS = (
					"$(inherited)",
					"@executable_path/Frameworks",
				);
				MARKETING_VERSION = 1.0;
				PRODUCT_BUNDLE_IDENTIFIER = com.SportsShop.SportsShop;
				PRODUCT_NAME = "$(TARGET_NAME)";
				SWIFT_EMIT_LOC_STRINGS = YES;
				SWIFT_VERSION = 5.0;
				TARGETED_DEVICE_FAMILY = "1,2";
			};
			name = Release;
		};
/* End XCBuildConfiguration section */

/* Begin XCConfigurationList section */
		18FA443F2B54F44B00729724 /* Build configuration list for PBXProject "SportsShop" */ = {
			isa = XCConfigurationList;
			buildConfigurations = (
				18FA44562B54F44D00729724 /* Debug */,
				18FA44572B54F44D00729724 /* Release */,
			);
			defaultConfigurationIsVisible = 0;
			defaultConfigurationName = Release;
		};
		18FA44582B54F44D00729724 /* Build configuration list for PBXNativeTarget "SportsShop" */ = {
			isa = XCConfigurationList;
			buildConfigurations = (
				18FA44592B54F44D00729724 /* Debug */,
				18FA445A2B54F44D00729724 /* Release */,
			);
			defaultConfigurationIsVisible = 0;
			defaultConfigurationName = Release;
		};
/* End XCConfigurationList section */
	};
	rootObject = 18FA443C2B54F44B00729724 /* Project object */;
}
